
Microsoft Visual Studio Solution File, Format Version 12.00
# Visual Studio 15
VisualStudioVersion = 15.0.27428.2043
MinimumVisualStudioVersion = 10.0.40219.1
Project("{FAE04EC0-301F-11D3-BF4B-00C04F79EFBC}") = "PuntoCafeteria", "PuntoCafeteria\PuntoCafeteria.csproj", "{00907025-8431-42D4-A72F-EDE9C2EC326F}"
EndProject
Global
	GlobalSection(SolutionConfigurationPlatforms) = preSolution
		Debug|Any CPU = Debug|Any CPU
		Release|Any CPU = Release|Any CPU
	EndGlobalSection
	GlobalSection(ProjectConfigurationPlatforms) = postSolution
		{00907025-8431-42D4-A72F-EDE9C2EC326F}.Debug|Any CPU.ActiveCfg = Debug|Any CPU
		{00907025-8431-42D4-A72F-EDE9C2EC326F}.Debug|Any CPU.Build.0 = Debug|Any CPU
		{00907025-8431-42D4-A72F-EDE9C2EC326F}.Release|Any CPU.ActiveCfg = Release|Any CPU
		{00907025-8431-42D4-A72F-EDE9C2EC326F}.Release|Any CPU.Build.0 = Release|Any CPU
	EndGlobalSection
	GlobalSection(SolutionProperties) = preSolution
		HideSolutionNode = FALSE
	EndGlobalSection
	GlobalSection(ExtensibilityGlobals) = postSolution
		SolutionGuid = {48310D82-E25C-47A9-9F89-107B178B90B4}
	EndGlobalSection
EndGlobal
